
Microsoft Visual Studio Solution File, Format Version 12.00
# Visual Studio 15
Project("{FAE04EC0-301F-11D3-BF4B-00C04F79EFBC}") = "Assembly-CSharp", "Assembly-CSharp.csproj", "{A718287C-986B-30BA-EC72-121DA5561D9A}"
EndProject
Project("{FAE04EC0-301F-11D3-BF4B-00C04F79EFBC}") = "Assembly-CSharp-Editor", "Assembly-CSharp-Editor.csproj", "{1BEDAACC-E07A-DB09-2F9B-3EF369CE0CCD}"
EndProject
Global
	GlobalSection(SolutionConfigurationPlatforms) = preSolution
		Debug|Any CPU = Debug|Any CPU
		Release|Any CPU = Release|Any CPU
	EndGlobalSection
	GlobalSection(ProjectConfigurationPlatforms) = postSolution
		{A718287C-986B-30BA-EC72-121DA5561D9A}.Debug|Any CPU.ActiveCfg = Debug|Any CPU
		{A718287C-986B-30BA-EC72-121DA5561D9A}.Debug|Any CPU.Build.0 = Debug|Any CPU
		{A718287C-986B-30BA-EC72-121DA5561D9A}.Release|Any CPU.ActiveCfg = Release|Any CPU
		{A718287C-986B-30BA-EC72-121DA5561D9A}.Release|Any CPU.Build.0 = Release|Any CPU
		{1BEDAACC-E07A-DB09-2F9B-3EF369CE0CCD}.Debug|Any CPU.ActiveCfg = Debug|Any CPU
		{1BEDAACC-E07A-DB09-2F9B-3EF369CE0CCD}.Debug|Any CPU.Build.0 = Debug|Any CPU
		{1BEDAACC-E07A-DB09-2F9B-3EF369CE0CCD}.Release|Any CPU.ActiveCfg = Release|Any CPU
		{1BEDAACC-E07A-DB09-2F9B-3EF369CE0CCD}.Release|Any CPU.Build.0 = Release|Any CPU
	EndGlobalSection
	GlobalSection(SolutionProperties) = preSolution
		HideSolutionNode = FALSE
	EndGlobalSection
EndGlobal
